// !$*UTF8*$!
{
	archiveVersion = 1;
	classes = {
	};
	objectVersion = 50;
	objects = {

/* Begin PBXBuildFile section */
		79094DDF247D628D00973119 /* AppDelegate.swift in Sources */ = {isa = PBXBuildFile; fileRef = 79094DDE247D628D00973119 /* AppDelegate.swift */; };
		79094DE1247D628D00973119 /* SceneDelegate.swift in Sources */ = {isa = PBXBuildFile; fileRef = 79094DE0247D628D00973119 /* SceneDelegate.swift */; };
		79094DE3247D628D00973119 /* ContentView.swift in Sources */ = {isa = PBXBuildFile; fileRef = 79094DE2247D628D00973119 /* ContentView.swift */; };
		79094DE5247D628F00973119 /* Assets.xcassets in Resources */ = {isa = PBXBuildFile; fileRef = 79094DE4247D628F00973119 /* Assets.xcassets */; };
		79094DE8247D628F00973119 /* Preview Assets.xcassets in Resources */ = {isa = PBXBuildFile; fileRef = 79094DE7247D628F00973119 /* Preview Assets.xcassets */; };
		79094DEB247D628F00973119 /* LaunchScreen.storyboard in Resources */ = {isa = PBXBuildFile; fileRef = 79094DE9247D628F00973119 /* LaunchScreen.storyboard */; };
/* End PBXBuildFile section */

/* Begin PBXFileReference section */
		79094DDB247D628D00973119 /* ColourPicker Example.app */ = {isa = PBXFileReference; explicitFileType = wrapper.application; includeInIndex = 0; path = "ColourPicker Example.app"; sourceTree = BUILT_PRODUCTS_DIR; };
		79094DDE247D628D00973119 /* AppDelegate.swift */ = {isa = PBXFileReference; lastKnownFileType = sourcecode.swift; path = AppDelegate.swift; sourceTree = "<group>"; };
		79094DE0247D628D00973119 /* SceneDelegate.swift */ = {isa = PBXFileReference; lastKnownFileType = sourcecode.swift; path = SceneDelegate.swift; sourceTree = "<group>"; };
		79094DE2247D628D00973119 /* ContentView.swift */ = {isa = PBXFileReference; lastKnownFileType = sourcecode.swift; path = ContentView.swift; sourceTree = "<group>"; };
		79094DE4247D628F00973119 /* Assets.xcassets */ = {isa = PBXFileReference; lastKnownFileType = folder.assetcatalog; path = Assets.xcassets; sourceTree = "<group>"; };
		79094DE7247D628F00973119 /* Preview Assets.xcassets */ = {isa = PBXFileReference; lastKnownFileType = folder.assetcatalog; path = "Preview Assets.xcassets"; sourceTree = "<group>"; };
		79094DEA247D628F00973119 /* Base */ = {isa = PBXFileReference; lastKnownFileType = file.storyboard; name = Base; path = Base.lproj/LaunchScreen.storyboard; sourceTree = "<group>"; };
		79094DEC247D628F00973119 /* Info.plist */ = {isa = PBXFileReference; lastKnownFileType = text.plist.xml; path = Info.plist; sourceTree = "<group>"; };
/* End PBXFileReference section */

/* Begin PBXFrameworksBuildPhase section */
		79094DD8247D628D00973119 /* Frameworks */ = {
			isa = PBXFrameworksBuildPhase;
			buildActionMask = 2147483647;
			files = (
			);
			runOnlyForDeploymentPostprocessing = 0;
		};
/* End PBXFrameworksBuildPhase section */

/* Begin PBXGroup section */
		79094DD2247D628D00973119 = {
			isa = PBXGroup;
			children = (
				79094DDD247D628D00973119 /* ColourPicker Example */,
				79094DDC247D628D00973119 /* Products */,
			);
			sourceTree = "<group>";
		};
		79094DDC247D628D00973119 /* Products */ = {
			isa = PBXGroup;
			children = (
				79094DDB247D628D00973119 /* ColourPicker Example.app */,
			);
			name = Products;
			sourceTree = "<group>";
		};
		79094DDD247D628D00973119 /* ColourPicker Example */ = {
			isa = PBXGroup;
			children = (
				79094DDE247D628D00973119 /* AppDelegate.swift */,
				79094DE0247D628D00973119 /* SceneDelegate.swift */,
				79094DE2247D628D00973119 /* ContentView.swift */,
				79094DE4247D628F00973119 /* Assets.xcassets */,
				79094DE9247D628F00973119 /* LaunchScreen.storyboard */,
				79094DEC247D628F00973119 /* Info.plist */,
				79094DE6247D628F00973119 /* Preview Content */,
			);
			path = "ColourPicker Example";
			sourceTree = "<group>";
		};
		79094DE6247D628F00973119 /* Preview Content */ = {
			isa = PBXGroup;
			children = (
				79094DE7247D628F00973119 /* Preview Assets.xcassets */,
			);
			path = "Preview Content";
			sourceTree = "<group>";
		};
/* End PBXGroup section */

/* Begin PBXNativeTarget section */
		79094DDA247D628D00973119 /* ColourPicker Example */ = {
			isa = PBXNativeTarget;
			buildConfigurationList = 79094DEF247D628F00973119 /* Build configuration list for PBXNativeTarget "ColourPicker Example" */;
			buildPhases = (
				79094DD7247D628D00973119 /* Sources */,
				79094DD8247D628D00973119 /* Frameworks */,
				79094DD9247D628D00973119 /* Resources */,
			);
			buildRules = (
			);
			dependencies = (
			);
			name = "ColourPicker Example";
			productName = "ColourPicker Example";
			productReference = 79094DDB247D628D00973119 /* ColourPicker Example.app */;
			productType = "com.apple.product-type.application";
		};
/* End PBXNativeTarget section */

/* Begin PBXProject section */
		79094DD3247D628D00973119 /* Project object */ = {
			isa = PBXProject;
			attributes = {
				LastSwiftUpdateCheck = 1150;
				LastUpgradeCheck = 1150;
				TargetAttributes = {
					79094DDA247D628D00973119 = {
						CreatedOnToolsVersion = 11.5;
					};
				};
			};
			buildConfigurationList = 79094DD6247D628D00973119 /* Build configuration list for PBXProject "ColourPicker Example" */;
			compatibilityVersion = "Xcode 9.3";
			developmentRegion = en;
			hasScannedForEncodings = 0;
			knownRegions = (
				en,
				Base,
			);
			mainGroup = 79094DD2247D628D00973119;
			productRefGroup = 79094DDC247D628D00973119 /* Products */;
			projectDirPath = "";
			projectRoot = "";
			targets = (
				79094DDA247D628D00973119 /* ColourPicker Example */,
			);
		};
/* End PBXProject section */

/* Begin PBXResourcesBuildPhase section */
		79094DD9247D628D00973119 /* Resources */ = {
			isa = PBXResourcesBuildPhase;
			buildActionMask = 2147483647;
			files = (
				79094DEB247D628F00973119 /* LaunchScreen.storyboard in Resources */,
				79094DE8247D628F00973119 /* Preview Assets.xcassets in Resources */,
				79094DE5247D628F00973119 /* Assets.xcassets in Resources */,
			);
			runOnlyForDeploymentPostprocessing = 0;
		};
/* End PBXResourcesBuildPhase section */

/* Begin PBXSourcesBuildPhase section */
		79094DD7247D628D00973119 /* Sources */ = {
			isa = PBXSourcesBuildPhase;
			buildActionMask = 2147483647;
			files = (
				79094DDF247D628D00973119 /* AppDelegate.swift in Sources */,
				79094DE1247D628D00973119 /* SceneDelegate.swift in Sources */,
				79094DE3247D628D00973119 /* ContentView.swift in Sources */,
			);
			runOnlyForDeploymentPostprocessing = 0;
		};
/* End PBXSourcesBuildPhase section */

/* Begin PBXVariantGroup section */
		79094DE9247D628F00973119 /* LaunchScreen.storyboard */ = {
			isa = PBXVariantGroup;
			children = (
				79094DEA247D628F00973119 /* Base */,
			);
			name = LaunchScreen.storyboard;
			sourceTree = "<group>";
		};
/* End PBXVariantGroup section */

/* Begin XCBuildConfiguration section */
		79094DED247D628F00973119 /* Debug */ = {
			isa = XCBuildConfiguration;
			buildSettings = {
				ALWAYS_SEARCH_USER_PATHS = NO;
				CLANG_ANALYZER_NONNULL = YES;
				CLANG_ANALYZER_NUMBER_OBJECT_CONVERSION = YES_AGGRESSIVE;
				CLANG_CXX_LANGUAGE_STANDARD = "gnu++14";
				CLANG_CXX_LIBRARY = "libc++";
				CLANG_ENABLE_MODULES = YES;
				CLANG_ENABLE_OBJC_ARC = YES;
				CLANG_ENABLE_OBJC_WEAK = YES;
				CLANG_WARN_BLOCK_CAPTURE_AUTORELEASING = YES;
				CLANG_WARN_BOOL_CONVERSION = YES;
				CLANG_WARN_COMMA = YES;
				CLANG_WARN_CONSTANT_CONVERSION = YES;
				CLANG_WARN_DEPRECATED_OBJC_IMPLEMENTATIONS = YES;
				CLANG_WARN_DIRECT_OBJC_ISA_USAGE = YES_ERROR;
				CLANG_WARN_DOCUMENTATION_COMMENTS = YES;
				CLANG_WARN_EMPTY_BODY = YES;
				CLANG_WARN_ENUM_CONVERSION = YES;
				CLANG_WARN_INFINITE_RECURSION = YES;
				CLANG_WARN_INT_CONVERSION = YES;
				CLANG_WARN_NON_LITERAL_NULL_CONVERSION = YES;
				CLANG_WARN_OBJC_IMPLICIT_RETAIN_SELF = YES;
				CLANG_WARN_OBJC_LITERAL_CONVERSION = YES;
				CLANG_WARN_OBJC_ROOT_CLASS = YES_ERROR;
				CLANG_WARN_RANGE_LOOP_ANALYSIS = YES;
				CLANG_WARN_STRICT_PROTOTYPES = YES;
				CLANG_WARN_SUSPICIOUS_MOVE = YES;
				CLANG_WARN_UNGUARDED_AVAILABILITY = YES_AGGRESSIVE;
				CLANG_WARN_UNREACHABLE_CODE = YES;
				CLANG_WARN__DUPLICATE_METHOD_MATCH = YES;
				COPY_PHASE_STRIP = NO;
				DEBUG_INFORMATION_FORMAT = dwarf;
				ENABLE_STRICT_OBJC_MSGSEND = YES;
				ENABLE_TESTABILITY = YES;
				GCC_C_LANGUAGE_STANDARD = gnu11;
				GCC_DYNAMIC_NO_PIC = NO;
				GCC_NO_COMMON_BLOCKS = YES;
				GCC_OPTIMIZATION_LEVEL = 0;
				GCC_PREPROCESSOR_DEFINITIONS = (
					"DEBUG=1",
					"$(inherited)",
				);
				GCC_WARN_64_TO_32_BIT_CONVERSION = YES;
				GCC_WARN_ABOUT_RETURN_TYPE = YES_ERROR;
				GCC_WARN_UNDECLARED_SELECTOR = YES;
				GCC_WARN_UNINITIALIZED_AUTOS = YES_AGGRESSIVE;
				GCC_WARN_UNUSED_FUNCTION = YES;
				GCC_WARN_UNUSED_VARIABLE = YES;
				IPHONEOS_DEPLOYMENT_TARGET = 13.5;
				MTL_ENABLE_DEBUG_INFO = INCLUDE_SOURCE;
				MTL_FAST_MATH = YES;
				ONLY_ACTIVE_ARCH = YES;
				SDKROOT = iphoneos;
				SWIFT_ACTIVE_COMPILATION_CONDITIONS = DEBUG;
				SWIFT_OPTIMIZATION_LEVEL = "-Onone";
			};
			name = Debug;
		};
		79094DEE247D628F00973119 /* Release */ = {
			isa = XCBuildConfiguration;
			buildSettings = {
				ALWAYS_SEARCH_USER_PATHS = NO;
				CLANG_ANALYZER_NONNULL = YES;
				CLANG_ANALYZER_NUMBER_OBJECT_CONVERSION = YES_AGGRESSIVE;
				CLANG_CXX_LANGUAGE_STANDARD = "gnu++14";
				CLANG_CXX_LIBRARY = "libc++";
				CLANG_ENABLE_MODULES = YES;
				CLANG_ENABLE_OBJC_ARC = YES;
				CLANG_ENABLE_OBJC_WEAK = YES;
				CLANG_WARN_BLOCK_CAPTURE_AUTORELEASING = YES;
				CLANG_WARN_BOOL_CONVERSION = YES;
				CLANG_WARN_COMMA = YES;
				CLANG_WARN_CONSTANT_CONVERSION = YES;
				CLANG_WARN_DEPRECATED_OBJC_IMPLEMENTATIONS = YES;
				CLANG_WARN_DIRECT_OBJC_ISA_USAGE = YES_ERROR;
				CLANG_WARN_DOCUMENTATION_COMMENTS = YES;
				CLANG_WARN_EMPTY_BODY = YES;
				CLANG_WARN_ENUM_CONVERSION = YES;
				CLANG_WARN_INFINITE_RECURSION = YES;
				CLANG_WARN_INT_CONVERSION = YES;
				CLANG_WARN_NON_LITERAL_NULL_CONVERSION = YES;
				CLANG_WARN_OBJC_IMPLICIT_RETAIN_SELF = YES;
				CLANG_WARN_OBJC_LITERAL_CONVERSION = YES;
				CLANG_WARN_OBJC_ROOT_CLASS = YES_ERROR;
				CLANG_WARN_RANGE_LOOP_ANALYSIS = YES;
				CLANG_WARN_STRICT_PROTOTYPES = YES;
				CLANG_WARN_SUSPICIOUS_MOVE = YES;
				CLANG_WARN_UNGUARDED_AVAILABILITY = YES_AGGRESSIVE;
				CLANG_WARN_UNREACHABLE_CODE = YES;
				CLANG_WARN__DUPLICATE_METHOD_MATCH = YES;
				COPY_PHASE_STRIP = NO;
				DEBUG_INFORMATION_FORMAT = "dwarf-with-dsym";
				ENABLE_NS_ASSERTIONS = NO;
				ENABLE_STRICT_OBJC_MSGSEND = YES;
				GCC_C_LANGUAGE_STANDARD = gnu11;
				GCC_NO_COMMON_BLOCKS = YES;
				GCC_WARN_64_TO_32_BIT_CONVERSION = YES;
				GCC_WARN_ABOUT_RETURN_TYPE = YES_ERROR;
				GCC_WARN_UNDECLARED_SELECTOR = YES;
				GCC_WARN_UNINITIALIZED_AUTOS = YES_AGGRESSIVE;
				GCC_WARN_UNUSED_FUNCTION = YES;
				GCC_WARN_UNUSED_VARIABLE = YES;
				IPHONEOS_DEPLOYMENT_TARGET = 13.5;
				MTL_ENABLE_DEBUG_INFO = NO;
				MTL_FAST_MATH = YES;
				SDKROOT = iphoneos;
				SWIFT_COMPILATION_MODE = wholemodule;
				SWIFT_OPTIMIZATION_LEVEL = "-O";
				VALIDATE_PRODUCT = YES;
			};
			name = Release;
		};
		79094DF0247D628F00973119 /* Debug */ = {
			isa = XCBuildConfiguration;
			buildSettings = {
				ASSETCATALOG_COMPILER_APPICON_NAME = AppIcon;
				CODE_SIGN_STYLE = Automatic;
				DEVELOPMENT_ASSET_PATHS = "\"ColourPicker Example/Preview Content\"";
				DEVELOPMENT_TEAM = J87V2D9N4D;
				ENABLE_PREVIEWS = YES;
				INFOPLIST_FILE = "ColourPicker Example/Info.plist";
				LD_RUNPATH_SEARCH_PATHS = (
					"$(inherited)",
					"@executable_path/Frameworks",
				);
				PRODUCT_BUNDLE_IDENTIFIER = "com.noodlfroot.ColourPicker-Example";
				PRODUCT_NAME = "$(TARGET_NAME)";
				SWIFT_VERSION = 5.0;
				TARGETED_DEVICE_FAMILY = "1,2";
			};
			name = Debug;
		};
		79094DF1247D628F00973119 /* Release */ = {
			isa = XCBuildConfiguration;
			buildSettings = {
				ASSETCATALOG_COMPILER_APPICON_NAME = AppIcon;
				CODE_SIGN_STYLE = Automatic;
				DEVELOPMENT_ASSET_PATHS = "\"ColourPicker Example/Preview Content\"";
				DEVELOPMENT_TEAM = J87V2D9N4D;
				ENABLE_PREVIEWS = YES;
				INFOPLIST_FILE = "ColourPicker Example/Info.plist";
				LD_RUNPATH_SEARCH_PATHS = (
					"$(inherited)",
					"@executable_path/Frameworks",
				);
				PRODUCT_BUNDLE_IDENTIFIER = "com.noodlfroot.ColourPicker-Example";
				PRODUCT_NAME = "$(TARGET_NAME)";
				SWIFT_VERSION = 5.0;
				TARGETED_DEVICE_FAMILY = "1,2";
			};
			name = Release;
		};
/* End XCBuildConfiguration section */

/* Begin XCConfigurationList section */
		79094DD6247D628D00973119 /* Build configuration list for PBXProject "ColourPicker Example" */ = {
			isa = XCConfigurationList;
			buildConfigurations = (
				79094DED247D628F00973119 /* Debug */,
				79094DEE247D628F00973119 /* Release */,
			);
			defaultConfigurationIsVisible = 0;
			defaultConfigurationName = Release;
		};
		79094DEF247D628F00973119 /* Build configuration list for PBXNativeTarget "ColourPicker Example" */ = {
			isa = XCConfigurationList;
			buildConfigurations = (
				79094DF0247D628F00973119 /* Debug */,
				79094DF1247D628F00973119 /* Release */,
			);
			defaultConfigurationIsVisible = 0;
			defaultConfigurationName = Release;
		};
/* End XCConfigurationList section */
	};
	rootObject = 79094DD3247D628D00973119 /* Project object */;
}
